
Microsoft Visual Studio Solution File, Format Version 12.00
# Visual Studio Version 17
VisualStudioVersion = 17.11.35208.52
MinimumVisualStudioVersion = 10.0.40219.1
Project("{9A19103F-16F7-4668-BE54-9A1E7A4F7556}") = "TheMarauderMap", "TheMarauderMap.csproj", "{6512648C-63F2-40E4-A0E0-5B300D90CD31}"
EndProject
Project("{9A19103F-16F7-4668-BE54-9A1E7A4F7556}") = "MarauderMapTest", "..\MarauderMapTest\MarauderMapTest.csproj", "{E7445E44-6981-472D-937C-69FAE224D941}"
EndProject
Global
	GlobalSection(SolutionConfigurationPlatforms) = preSolution
		Debug|Any CPU = Debug|Any CPU
		Release|Any CPU = Release|Any CPU
	EndGlobalSection
	GlobalSection(ProjectConfigurationPlatforms) = postSolution
		{6512648C-63F2-40E4-A0E0-5B300D90CD31}.Debug|Any CPU.ActiveCfg = Debug|Any CPU
		{6512648C-63F2-40E4-A0E0-5B300D90CD31}.Debug|Any CPU.Build.0 = Debug|Any CPU
		{6512648C-63F2-40E4-A0E0-5B300D90CD31}.Release|Any CPU.ActiveCfg = Release|Any CPU
		{6512648C-63F2-40E4-A0E0-5B300D90CD31}.Release|Any CPU.Build.0 = Release|Any CPU
		{E7445E44-6981-472D-937C-69FAE224D941}.Debug|Any CPU.ActiveCfg = Debug|Any CPU
		{E7445E44-6981-472D-937C-69FAE224D941}.Debug|Any CPU.Build.0 = Debug|Any CPU
		{E7445E44-6981-472D-937C-69FAE224D941}.Release|Any CPU.ActiveCfg = Release|Any CPU
		{E7445E44-6981-472D-937C-69FAE224D941}.Release|Any CPU.Build.0 = Release|Any CPU
	EndGlobalSection
	GlobalSection(SolutionProperties) = preSolution
		HideSolutionNode = FALSE
	EndGlobalSection
	GlobalSection(ExtensibilityGlobals) = postSolution
		SolutionGuid = {C54BC8A0-ACB5-49BA-80A5-A3B1E7828847}
	EndGlobalSection
EndGlobal
